// !$*UTF8*$!
{
	archiveVersion = 1;
	classes = {
	};
	objectVersion = 46;
	objects = {

/* Begin PBXBuildFile section */
		DC080C7C1F386E05002B4FB3 /* MCCalenderDayCollectionViewCell.m in Sources */ = {isa = PBXBuildFile; fileRef = DC080C7B1F386E05002B4FB3 /* MCCalenderDayCollectionViewCell.m */; };
		DC080C7D1F386E05002B4FB3 /* MCCalenderDayCollectionViewCell.m in Sources */ = {isa = PBXBuildFile; fileRef = DC080C7B1F386E05002B4FB3 /* MCCalenderDayCollectionViewCell.m */; };
		DC080C801F387D0A002B4FB3 /* MCDateRangeManager.m in Sources */ = {isa = PBXBuildFile; fileRef = DC080C7F1F387D0A002B4FB3 /* MCDateRangeManager.m */; };
		DC080C811F387D0A002B4FB3 /* MCDateRangeManager.m in Sources */ = {isa = PBXBuildFile; fileRef = DC080C7F1F387D0A002B4FB3 /* MCDateRangeManager.m */; };
		DC080C871F38DFB1002B4FB3 /* MCAgendaEmptyTableViewCell.m in Sources */ = {isa = PBXBuildFile; fileRef = DC080C861F38DFB1002B4FB3 /* MCAgendaEmptyTableViewCell.m */; };
		DC080C881F38DFB1002B4FB3 /* MCAgendaEmptyTableViewCell.m in Sources */ = {isa = PBXBuildFile; fileRef = DC080C861F38DFB1002B4FB3 /* MCAgendaEmptyTableViewCell.m */; };
		DC0B613D1F385776000C6D58 /* NSDate+DateToString.m in Sources */ = {isa = PBXBuildFile; fileRef = DC0B613C1F385776000C6D58 /* NSDate+DateToString.m */; };
		DC0B613E1F385776000C6D58 /* NSDate+DateToString.m in Sources */ = {isa = PBXBuildFile; fileRef = DC0B613C1F385776000C6D58 /* NSDate+DateToString.m */; };
		DC0B61411F385B62000C6D58 /* NSDateCategoryTests.m in Sources */ = {isa = PBXBuildFile; fileRef = DC0B61401F385B62000C6D58 /* NSDateCategoryTests.m */; };
		DC0B61471F385DB2000C6D58 /* MCCalenderViewController.m in Sources */ = {isa = PBXBuildFile; fileRef = DC0B61461F385DB2000C6D58 /* MCCalenderViewController.m */; };
		DC0B61481F385DB2000C6D58 /* MCCalenderViewController.m in Sources */ = {isa = PBXBuildFile; fileRef = DC0B61461F385DB2000C6D58 /* MCCalenderViewController.m */; };
		DC0B614B1F385DCF000C6D58 /* MCAgendaTableViewController.m in Sources */ = {isa = PBXBuildFile; fileRef = DC0B614A1F385DCF000C6D58 /* MCAgendaTableViewController.m */; };
		DC0B614C1F385DCF000C6D58 /* MCAgendaTableViewController.m in Sources */ = {isa = PBXBuildFile; fileRef = DC0B614A1F385DCF000C6D58 /* MCAgendaTableViewController.m */; };
		DC0B615A1F386137000C6D58 /* MCConstants.m in Sources */ = {isa = PBXBuildFile; fileRef = DC0B61591F386137000C6D58 /* MCConstants.m */; };
		DC0B615B1F386137000C6D58 /* MCConstants.m in Sources */ = {isa = PBXBuildFile; fileRef = DC0B61591F386137000C6D58 /* MCConstants.m */; };
		DC146AFC1F3B6724009869AB /* MCCalenderAgendaContainerView.m in Sources */ = {isa = PBXBuildFile; fileRef = DC146AFB1F3B6724009869AB /* MCCalenderAgendaContainerView.m */; };
		DC146AFD1F3B6724009869AB /* MCCalenderAgendaContainerView.m in Sources */ = {isa = PBXBuildFile; fileRef = DC146AFB1F3B6724009869AB /* MCCalenderAgendaContainerView.m */; };
		DC146B001F3B9352009869AB /* MCDateRangeManagerTests.m in Sources */ = {isa = PBXBuildFile; fileRef = DC146AFF1F3B9352009869AB /* MCDateRangeManagerTests.m */; };
		DC146B031F3B939D009869AB /* MCDateRangeManager+PrivateMethodsToTest.m in Sources */ = {isa = PBXBuildFile; fileRef = DC146B021F3B939D009869AB /* MCDateRangeManager+PrivateMethodsToTest.m */; };
		DC23F49C1F379F100083A365 /* main.m in Sources */ = {isa = PBXBuildFile; fileRef = DC23F49B1F379F100083A365 /* main.m */; };
		DC23F49F1F379F100083A365 /* MCAppDelegate.m in Sources */ = {isa = PBXBuildFile; fileRef = DC23F49E1F379F100083A365 /* MCAppDelegate.m */; };
		DC23F4A51F379F100083A365 /* Main.storyboard in Resources */ = {isa = PBXBuildFile; fileRef = DC23F4A31F379F100083A365 /* Main.storyboard */; };
		DC23F4A71F379F100083A365 /* Assets.xcassets in Resources */ = {isa = PBXBuildFile; fileRef = DC23F4A61F379F100083A365 /* Assets.xcassets */; };
		DC23F4AA1F379F100083A365 /* LaunchScreen.storyboard in Resources */ = {isa = PBXBuildFile; fileRef = DC23F4A81F379F100083A365 /* LaunchScreen.storyboard */; };
		DC23F4D11F37A0F40083A365 /* MCCalenderAgendaViewController.m in Sources */ = {isa = PBXBuildFile; fileRef = DC23F4D01F37A0F40083A365 /* MCCalenderAgendaViewController.m */; };
		DC23F4D21F37A0F40083A365 /* MCCalenderAgendaViewController.m in Sources */ = {isa = PBXBuildFile; fileRef = DC23F4D01F37A0F40083A365 /* MCCalenderAgendaViewController.m */; };
		DC4335531F3A493400F44F22 /* MCDataControllerManager.m in Sources */ = {isa = PBXBuildFile; fileRef = DC4335521F3A493400F44F22 /* MCDataControllerManager.m */; };
		DC4335541F3A493400F44F22 /* MCDataControllerManager.m in Sources */ = {isa = PBXBuildFile; fileRef = DC4335521F3A493400F44F22 /* MCDataControllerManager.m */; };
		DC4335571F3A494700F44F22 /* MCDataController.m in Sources */ = {isa = PBXBuildFile; fileRef = DC4335561F3A494700F44F22 /* MCDataController.m */; };
		DC4335581F3A494700F44F22 /* MCDataController.m in Sources */ = {isa = PBXBuildFile; fileRef = DC4335561F3A494700F44F22 /* MCDataController.m */; };
		DC43355B1F3A495D00F44F22 /* MCDummyDataProvider.m in Sources */ = {isa = PBXBuildFile; fileRef = DC43355A1F3A495D00F44F22 /* MCDummyDataProvider.m */; };
		DC43355C1F3A495D00F44F22 /* MCDummyDataProvider.m in Sources */ = {isa = PBXBuildFile; fileRef = DC43355A1F3A495D00F44F22 /* MCDummyDataProvider.m */; };
		DC43355F1F3A49C700F44F22 /* MCMappingData.m in Sources */ = {isa = PBXBuildFile; fileRef = DC43355E1F3A49C700F44F22 /* MCMappingData.m */; };
		DC4335601F3A49C700F44F22 /* MCMappingData.m in Sources */ = {isa = PBXBuildFile; fileRef = DC43355E1F3A49C700F44F22 /* MCMappingData.m */; };
		DC4335631F3A49DE00F44F22 /* MCO365DataProvider.m in Sources */ = {isa = PBXBuildFile; fileRef = DC4335621F3A49DE00F44F22 /* MCO365DataProvider.m */; };
		DC4335641F3A49DE00F44F22 /* MCO365DataProvider.m in Sources */ = {isa = PBXBuildFile; fileRef = DC4335621F3A49DE00F44F22 /* MCO365DataProvider.m */; };
		DC4335661F3A4D7B00F44F22 /* GetEvents.json in Resources */ = {isa = PBXBuildFile; fileRef = DC4335651F3A4D7B00F44F22 /* GetEvents.json */; };
		DC4335671F3A4D7B00F44F22 /* GetEvents.json in Resources */ = {isa = PBXBuildFile; fileRef = DC4335651F3A4D7B00F44F22 /* GetEvents.json */; };
		DC43356B1F3A66AD00F44F22 /* MCAgendaEventTableViewCell.m in Sources */ = {isa = PBXBuildFile; fileRef = DC43356A1F3A66AD00F44F22 /* MCAgendaEventTableViewCell.m */; };
		DC43356C1F3A66AD00F44F22 /* MCAgendaEventTableViewCell.m in Sources */ = {isa = PBXBuildFile; fileRef = DC43356A1F3A66AD00F44F22 /* MCAgendaEventTableViewCell.m */; };
		DC4335701F3B16B900F44F22 /* MCParticipantLabel.m in Sources */ = {isa = PBXBuildFile; fileRef = DC43356F1F3B16B900F44F22 /* MCParticipantLabel.m */; };
		DC4335711F3B16B900F44F22 /* MCParticipantLabel.m in Sources */ = {isa = PBXBuildFile; fileRef = DC43356F1F3B16B900F44F22 /* MCParticipantLabel.m */; };
		DC4335741F3B1B9A00F44F22 /* ParticipantLabelTests.m in Sources */ = {isa = PBXBuildFile; fileRef = DC4335731F3B1B9A00F44F22 /* ParticipantLabelTests.m */; };
		DC43357A1F3B1C0800F44F22 /* MCParticipantLabel+PrivateMethodsForTest.m in Sources */ = {isa = PBXBuildFile; fileRef = DC4335791F3B1C0800F44F22 /* MCParticipantLabel+PrivateMethodsForTest.m */; };
		DC43357E1F3B21E600F44F22 /* MCGlobalHelpers.m in Sources */ = {isa = PBXBuildFile; fileRef = DC43357D1F3B21E600F44F22 /* MCGlobalHelpers.m */; };
		DC43357F1F3B21E600F44F22 /* MCGlobalHelpers.m in Sources */ = {isa = PBXBuildFile; fileRef = DC43357D1F3B21E600F44F22 /* MCGlobalHelpers.m */; };
		DC4335831F3B2F6C00F44F22 /* MCAvailabilityView.m in Sources */ = {isa = PBXBuildFile; fileRef = DC4335821F3B2F6C00F44F22 /* MCAvailabilityView.m */; };
		DC4335841F3B2F6C00F44F22 /* MCAvailabilityView.m in Sources */ = {isa = PBXBuildFile; fileRef = DC4335821F3B2F6C00F44F22 /* MCAvailabilityView.m */; };
		DC6B4A981F3B42570028EE70 /* GetEventData.json in Resources */ = {isa = PBXBuildFile; fileRef = DC6B4A971F3B42570028EE70 /* GetEventData.json */; };
/* End PBXBuildFile section */

/* Begin PBXContainerItemProxy section */
		DC23F4B11F379F100083A365 /* PBXContainerItemProxy */ = {
			isa = PBXContainerItemProxy;
			containerPortal = DC23F48F1F379F0F0083A365 /* Project object */;
			proxyType = 1;
			remoteGlobalIDString = DC23F4961F379F0F0083A365;
			remoteInfo = MicrosoftiOSChallenge;
		};
/* End PBXContainerItemProxy section */

/* Begin PBXFileReference section */
		DC080C7A1F386E05002B4FB3 /* MCCalenderDayCollectionViewCell.h */ = {isa = PBXFileReference; fileEncoding = 4; lastKnownFileType = sourcecode.c.h; path = MCCalenderDayCollectionViewCell.h; sourceTree = "<group>"; };
		DC080C7B1F386E05002B4FB3 /* MCCalenderDayCollectionViewCell.m */ = {isa = PBXFileReference; fileEncoding = 4; lastKnownFileType = sourcecode.c.objc; path = MCCalenderDayCollectionViewCell.m; sourceTree = "<group>"; };
		DC080C7E1F387D0A002B4FB3 /* MCDateRangeManager.h */ = {isa = PBXFileReference; fileEncoding = 4; lastKnownFileType = sourcecode.c.h; path = MCDateRangeManager.h; sourceTree = "<group>"; };
		DC080C7F1F387D0A002B4FB3 /* MCDateRangeManager.m */ = {isa = PBXFileReference; fileEncoding = 4; lastKnownFileType = sourcecode.c.objc; path = MCDateRangeManager.m; sourceTree = "<group>"; };
		DC080C831F3881FA002B4FB3 /* MCGlobalHeaders.h */ = {isa = PBXFileReference; fileEncoding = 4; lastKnownFileType = sourcecode.c.h; path = MCGlobalHeaders.h; sourceTree = "<group>"; };
		DC080C851F38DFB1002B4FB3 /* MCAgendaEmptyTableViewCell.h */ = {isa = PBXFileReference; fileEncoding = 4; lastKnownFileType = sourcecode.c.h; path = MCAgendaEmptyTableViewCell.h; sourceTree = "<group>"; };
		DC080C861F38DFB1002B4FB3 /* MCAgendaEmptyTableViewCell.m */ = {isa = PBXFileReference; fileEncoding = 4; lastKnownFileType = sourcecode.c.objc; path = MCAgendaEmptyTableViewCell.m; sourceTree = "<group>"; };
		DC0B613B1F385776000C6D58 /* NSDate+DateToString.h */ = {isa = PBXFileReference; fileEncoding = 4; lastKnownFileType = sourcecode.c.h; path = "NSDate+DateToString.h"; sourceTree = "<group>"; };
		DC0B613C1F385776000C6D58 /* NSDate+DateToString.m */ = {isa = PBXFileReference; fileEncoding = 4; lastKnownFileType = sourcecode.c.objc; path = "NSDate+DateToString.m"; sourceTree = "<group>"; };
		DC0B613F1F385894000C6D58 /* MCCategoryHeaders.h */ = {isa = PBXFileReference; fileEncoding = 4; lastKnownFileType = sourcecode.c.h; path = MCCategoryHeaders.h; sourceTree = "<group>"; };
		DC0B61401F385B62000C6D58 /* NSDateCategoryTests.m */ = {isa = PBXFileReference; fileEncoding = 4; lastKnownFileType = sourcecode.c.objc; name = NSDateCategoryTests.m; path = ../MicrosoftiOSChallenge/NSDateCategoryTests.m; sourceTree = "<group>"; };
		DC0B61451F385DB2000C6D58 /* MCCalenderViewController.h */ = {isa = PBXFileReference; fileEncoding = 4; lastKnownFileType = sourcecode.c.h; path = MCCalenderViewController.h; sourceTree = "<group>"; };
		DC0B61461F385DB2000C6D58 /* MCCalenderViewController.m */ = {isa = PBXFileReference; fileEncoding = 4; lastKnownFileType = sourcecode.c.objc; path = MCCalenderViewController.m; sourceTree = "<group>"; };
		DC0B61491F385DCF000C6D58 /* MCAgendaTableViewController.h */ = {isa = PBXFileReference; fileEncoding = 4; lastKnownFileType = sourcecode.c.h; path = MCAgendaTableViewController.h; sourceTree = "<group>"; };
		DC0B614A1F385DCF000C6D58 /* MCAgendaTableViewController.m */ = {isa = PBXFileReference; fileEncoding = 4; lastKnownFileType = sourcecode.c.objc; path = MCAgendaTableViewController.m; sourceTree = "<group>"; };
		DC0B61581F386137000C6D58 /* MCConstants.h */ = {isa = PBXFileReference; fileEncoding = 4; lastKnownFileType = sourcecode.c.h; path = MCConstants.h; sourceTree = "<group>"; };
		DC0B61591F386137000C6D58 /* MCConstants.m */ = {isa = PBXFileReference; fileEncoding = 4; lastKnownFileType = sourcecode.c.objc; path = MCConstants.m; sourceTree = "<group>"; };
		DC146AFA1F3B6724009869AB /* MCCalenderAgendaContainerView.h */ = {isa = PBXFileReference; fileEncoding = 4; lastKnownFileType = sourcecode.c.h; name = MCCalenderAgendaContainerView.h; path = MicrosoftiOSChallenge/MCCalenderAgendaContainerView.h; sourceTree = SOURCE_ROOT; };
		DC146AFB1F3B6724009869AB /* MCCalenderAgendaContainerView.m */ = {isa = PBXFileReference; fileEncoding = 4; lastKnownFileType = sourcecode.c.objc; name = MCCalenderAgendaContainerView.m; path = MicrosoftiOSChallenge/MCCalenderAgendaContainerView.m; sourceTree = SOURCE_ROOT; };
		DC146AFF1F3B9352009869AB /* MCDateRangeManagerTests.m */ = {isa = PBXFileReference; fileEncoding = 4; lastKnownFileType = sourcecode.c.objc; path = MCDateRangeManagerTests.m; sourceTree = "<group>"; };
		DC146B011F3B939D009869AB /* MCDateRangeManager+PrivateMethodsToTest.h */ = {isa = PBXFileReference; fileEncoding = 4; lastKnownFileType = sourcecode.c.h; path = "MCDateRangeManager+PrivateMethodsToTest.h"; sourceTree = "<group>"; };
		DC146B021F3B939D009869AB /* MCDateRangeManager+PrivateMethodsToTest.m */ = {isa = PBXFileReference; fileEncoding = 4; lastKnownFileType = sourcecode.c.objc; path = "MCDateRangeManager+PrivateMethodsToTest.m"; sourceTree = "<group>"; };
		DC23F4971F379F0F0083A365 /* MicrosoftiOSChallenge.app */ = {isa = PBXFileReference; explicitFileType = wrapper.application; includeInIndex = 0; path = MicrosoftiOSChallenge.app; sourceTree = BUILT_PRODUCTS_DIR; };
		DC23F49B1F379F100083A365 /* main.m */ = {isa = PBXFileReference; lastKnownFileType = sourcecode.c.objc; path = main.m; sourceTree = "<group>"; };
		DC23F49D1F379F100083A365 /* MCAppDelegate.h */ = {isa = PBXFileReference; lastKnownFileType = sourcecode.c.h; path = MCAppDelegate.h; sourceTree = "<group>"; };
		DC23F49E1F379F100083A365 /* MCAppDelegate.m */ = {isa = PBXFileReference; lastKnownFileType = sourcecode.c.objc; path = MCAppDelegate.m; sourceTree = "<group>"; };
		DC23F4A41F379F100083A365 /* Base */ = {isa = PBXFileReference; lastKnownFileType = file.storyboard; name = Base; path = Base.lproj/Main.storyboard; sourceTree = "<group>"; };
		DC23F4A61F379F100083A365 /* Assets.xcassets */ = {isa = PBXFileReference; lastKnownFileType = folder.assetcatalog; path = Assets.xcassets; sourceTree = "<group>"; };
		DC23F4A91F379F100083A365 /* Base */ = {isa = PBXFileReference; lastKnownFileType = file.storyboard; name = Base; path = Base.lproj/LaunchScreen.storyboard; sourceTree = "<group>"; };
		DC23F4AB1F379F100083A365 /* Info.plist */ = {isa = PBXFileReference; lastKnownFileType = text.plist.xml; path = Info.plist; sourceTree = "<group>"; };
		DC23F4B01F379F100083A365 /* MicrosoftiOSChallengeTests.xctest */ = {isa = PBXFileReference; explicitFileType = wrapper.cfbundle; includeInIndex = 0; path = MicrosoftiOSChallengeTests.xctest; sourceTree = BUILT_PRODUCTS_DIR; };
		DC23F4B61F379F100083A365 /* Info.plist */ = {isa = PBXFileReference; lastKnownFileType = text.plist.xml; path = Info.plist; sourceTree = "<group>"; };
		DC23F4CF1F37A0F40083A365 /* MCCalenderAgendaViewController.h */ = {isa = PBXFileReference; fileEncoding = 4; lastKnownFileType = sourcecode.c.h; path = MCCalenderAgendaViewController.h; sourceTree = "<group>"; };
		DC23F4D01F37A0F40083A365 /* MCCalenderAgendaViewController.m */ = {isa = PBXFileReference; fileEncoding = 4; lastKnownFileType = sourcecode.c.objc; path = MCCalenderAgendaViewController.m; sourceTree = "<group>"; };
		DC23F4D41F37A17C0083A365 /* MicrosoftiOSChallenge-Prefix.pch */ = {isa = PBXFileReference; fileEncoding = 4; lastKnownFileType = sourcecode.c.h; path = "MicrosoftiOSChallenge-Prefix.pch"; sourceTree = "<group>"; };
		DC4335471F3A46F400F44F22 /* MCConnectivityHeaders.h */ = {isa = PBXFileReference; fileEncoding = 4; lastKnownFileType = sourcecode.c.h; path = MCConnectivityHeaders.h; sourceTree = "<group>"; };
		DC4335481F3A470900F44F22 /* MCDataModels.h */ = {isa = PBXFileReference; fileEncoding = 4; lastKnownFileType = sourcecode.c.h; path = MCDataModels.h; sourceTree = "<group>"; };
		DC4335491F3A471D00F44F22 /* MCBaseDataProviders.h */ = {isa = PBXFileReference; fileEncoding = 4; lastKnownFileType = sourcecode.c.h; path = MCBaseDataProviders.h; sourceTree = "<group>"; };
		DC4335511F3A493400F44F22 /* MCDataControllerManager.h */ = {isa = PBXFileReference; fileEncoding = 4; lastKnownFileType = sourcecode.c.h; path = MCDataControllerManager.h; sourceTree = "<group>"; };
		DC4335521F3A493400F44F22 /* MCDataControllerManager.m */ = {isa = PBXFileReference; fileEncoding = 4; lastKnownFileType = sourcecode.c.objc; path = MCDataControllerManager.m; sourceTree = "<group>"; };
		DC4335551F3A494700F44F22 /* MCDataController.h */ = {isa = PBXFileReference; fileEncoding = 4; lastKnownFileType = sourcecode.c.h; path = MCDataController.h; sourceTree = "<group>"; };
		DC4335561F3A494700F44F22 /* MCDataController.m */ = {isa = PBXFileReference; fileEncoding = 4; lastKnownFileType = sourcecode.c.objc; path = MCDataController.m; sourceTree = "<group>"; };
		DC4335591F3A495D00F44F22 /* MCDummyDataProvider.h */ = {isa = PBXFileReference; fileEncoding = 4; lastKnownFileType = sourcecode.c.h; path = MCDummyDataProvider.h; sourceTree = "<group>"; };
		DC43355A1F3A495D00F44F22 /* MCDummyDataProvider.m */ = {isa = PBXFileReference; fileEncoding = 4; lastKnownFileType = sourcecode.c.objc; path = MCDummyDataProvider.m; sourceTree = "<group>"; };
		DC43355D1F3A49C700F44F22 /* MCMappingData.h */ = {isa = PBXFileReference; fileEncoding = 4; lastKnownFileType = sourcecode.c.h; path = MCMappingData.h; sourceTree = "<group>"; };
		DC43355E1F3A49C700F44F22 /* MCMappingData.m */ = {isa = PBXFileReference; fileEncoding = 4; lastKnownFileType = sourcecode.c.objc; path = MCMappingData.m; sourceTree = "<group>"; };
		DC4335611F3A49DE00F44F22 /* MCO365DataProvider.h */ = {isa = PBXFileReference; fileEncoding = 4; lastKnownFileType = sourcecode.c.h; path = MCO365DataProvider.h; sourceTree = "<group>"; };
		DC4335621F3A49DE00F44F22 /* MCO365DataProvider.m */ = {isa = PBXFileReference; fileEncoding = 4; lastKnownFileType = sourcecode.c.objc; path = MCO365DataProvider.m; sourceTree = "<group>"; };
		DC4335651F3A4D7B00F44F22 /* GetEvents.json */ = {isa = PBXFileReference; fileEncoding = 4; lastKnownFileType = text.json; path = GetEvents.json; sourceTree = "<group>"; };
		DC4335691F3A66AD00F44F22 /* MCAgendaEventTableViewCell.h */ = {isa = PBXFileReference; fileEncoding = 4; lastKnownFileType = sourcecode.c.h; path = MCAgendaEventTableViewCell.h; sourceTree = "<group>"; };
		DC43356A1F3A66AD00F44F22 /* MCAgendaEventTableViewCell.m */ = {isa = PBXFileReference; fileEncoding = 4; lastKnownFileType = sourcecode.c.objc; path = MCAgendaEventTableViewCell.m; sourceTree = "<group>"; };
		DC43356E1F3B16B900F44F22 /* MCParticipantLabel.h */ = {isa = PBXFileReference; fileEncoding = 4; lastKnownFileType = sourcecode.c.h; path = MCParticipantLabel.h; sourceTree = "<group>"; };
		DC43356F1F3B16B900F44F22 /* MCParticipantLabel.m */ = {isa = PBXFileReference; fileEncoding = 4; lastKnownFileType = sourcecode.c.objc; path = MCParticipantLabel.m; sourceTree = "<group>"; };
		DC4335731F3B1B9A00F44F22 /* ParticipantLabelTests.m */ = {isa = PBXFileReference; fileEncoding = 4; lastKnownFileType = sourcecode.c.objc; path = ParticipantLabelTests.m; sourceTree = "<group>"; };
		DC4335781F3B1C0800F44F22 /* MCParticipantLabel+PrivateMethodsForTest.h */ = {isa = PBXFileReference; fileEncoding = 4; lastKnownFileType = sourcecode.c.h; path = "MCParticipantLabel+PrivateMethodsForTest.h"; sourceTree = "<group>"; };
		DC4335791F3B1C0800F44F22 /* MCParticipantLabel+PrivateMethodsForTest.m */ = {isa = PBXFileReference; fileEncoding = 4; lastKnownFileType = sourcecode.c.objc; path = "MCParticipantLabel+PrivateMethodsForTest.m"; sourceTree = "<group>"; };
		DC43357C1F3B21E600F44F22 /* MCGlobalHelpers.h */ = {isa = PBXFileReference; fileEncoding = 4; lastKnownFileType = sourcecode.c.h; path = MCGlobalHelpers.h; sourceTree = "<group>"; };
		DC43357D1F3B21E600F44F22 /* MCGlobalHelpers.m */ = {isa = PBXFileReference; fileEncoding = 4; lastKnownFileType = sourcecode.c.objc; path = MCGlobalHelpers.m; sourceTree = "<group>"; };
		DC4335811F3B2F6C00F44F22 /* MCAvailabilityView.h */ = {isa = PBXFileReference; fileEncoding = 4; lastKnownFileType = sourcecode.c.h; path = MCAvailabilityView.h; sourceTree = "<group>"; };
		DC4335821F3B2F6C00F44F22 /* MCAvailabilityView.m */ = {isa = PBXFileReference; fileEncoding = 4; lastKnownFileType = sourcecode.c.objc; path = MCAvailabilityView.m; sourceTree = "<group>"; };
		DC4335851F3B368600F44F22 /* MCProtocolHeaders.h */ = {isa = PBXFileReference; fileEncoding = 4; lastKnownFileType = sourcecode.c.h; path = MCProtocolHeaders.h; sourceTree = "<group>"; };
		DC6B4A971F3B42570028EE70 /* GetEventData.json */ = {isa = PBXFileReference; fileEncoding = 4; lastKnownFileType = text.json; path = GetEventData.json; sourceTree = "<group>"; };
/* End PBXFileReference section */

/* Begin PBXFrameworksBuildPhase section */
		DC23F4941F379F0F0083A365 /* Frameworks */ = {
			isa = PBXFrameworksBuildPhase;
			buildActionMask = 2147483647;
			files = (
			);
			runOnlyForDeploymentPostprocessing = 0;
		};
		DC23F4AD1F379F100083A365 /* Frameworks */ = {
			isa = PBXFrameworksBuildPhase;
			buildActionMask = 2147483647;
			files = (
			);
			runOnlyForDeploymentPostprocessing = 0;
		};
/* End PBXFrameworksBuildPhase section */

/* Begin PBXGroup section */
		DC080C791F386DD6002B4FB3 /* DayCell */ = {
			isa = PBXGroup;
			children = (
				DC080C7A1F386E05002B4FB3 /* MCCalenderDayCollectionViewCell.h */,
				DC080C7B1F386E05002B4FB3 /* MCCalenderDayCollectionViewCell.m */,
			);
			name = DayCell;
			sourceTree = "<group>";
		};
		DC080C841F38DF7D002B4FB3 /* EmptyCell */ = {
			isa = PBXGroup;
			children = (
				DC080C851F38DFB1002B4FB3 /* MCAgendaEmptyTableViewCell.h */,
				DC080C861F38DFB1002B4FB3 /* MCAgendaEmptyTableViewCell.m */,
			);
			name = EmptyCell;
			sourceTree = "<group>";
		};
		DC0B61421F385BE0000C6D58 /* CategoryTests */ = {
			isa = PBXGroup;
			children = (
				DC0B61401F385B62000C6D58 /* NSDateCategoryTests.m */,
			);
			name = CategoryTests;
			sourceTree = "<group>";
		};
		DC0B61431F385D7B000C6D58 /* Calender */ = {
			isa = PBXGroup;
			children = (
				DC0B614E1F385DF0000C6D58 /* View */,
				DC0B614D1F385DEA000C6D58 /* Model */,
				DC0B61451F385DB2000C6D58 /* MCCalenderViewController.h */,
				DC0B61461F385DB2000C6D58 /* MCCalenderViewController.m */,
			);
			name = Calender;
			sourceTree = "<group>";
		};
		DC0B61441F385D80000C6D58 /* Agenda */ = {
			isa = PBXGroup;
			children = (
				DC0B61501F385DF9000C6D58 /* View */,
				DC0B614F1F385DF5000C6D58 /* Model */,
				DC0B61491F385DCF000C6D58 /* MCAgendaTableViewController.h */,
				DC0B614A1F385DCF000C6D58 /* MCAgendaTableViewController.m */,
			);
			name = Agenda;
			sourceTree = "<group>";
		};
		DC0B614D1F385DEA000C6D58 /* Model */ = {
			isa = PBXGroup;
			children = (
			);
			name = Model;
			sourceTree = "<group>";
		};
		DC0B614E1F385DF0000C6D58 /* View */ = {
			isa = PBXGroup;
			children = (
				DC080C791F386DD6002B4FB3 /* DayCell */,
			);
			name = View;
			sourceTree = "<group>";
		};
		DC0B614F1F385DF5000C6D58 /* Model */ = {
			isa = PBXGroup;
			children = (
			);
			name = Model;
			sourceTree = "<group>";
		};
		DC0B61501F385DF9000C6D58 /* View */ = {
			isa = PBXGroup;
			children = (
				DC4335801F3B2F5900F44F22 /* AvailabilityView */,
				DC43356D1F3B169B00F44F22 /* ParticipantLabel */,
				DC4335681F3A669500F44F22 /* EventCell */,
				DC080C841F38DF7D002B4FB3 /* EmptyCell */,
			);
			name = View;
			sourceTree = "<group>";
		};
		DC0B61511F385DFE000C6D58 /* Model */ = {
			isa = PBXGroup;
			children = (
			);
			name = Model;
			sourceTree = "<group>";
		};
		DC0B61521F385E03000C6D58 /* View */ = {
			isa = PBXGroup;
			children = (
				DC0B61551F385F85000C6D58 /* CalenderAgendaContainer */,
			);
			name = View;
			sourceTree = "<group>";
		};
		DC0B61551F385F85000C6D58 /* CalenderAgendaContainer */ = {
			isa = PBXGroup;
			children = (
				DC146AFA1F3B6724009869AB /* MCCalenderAgendaContainerView.h */,
				DC146AFB1F3B6724009869AB /* MCCalenderAgendaContainerView.m */,
			);
			name = CalenderAgendaContainer;
			path = ../../../MicrosoftOld/MicrosoftiOSChallenge/MicrosoftiOSChallenge;
			sourceTree = "<group>";
		};
		DC146AFE1F3B9339009869AB /* MCDateRangeManagerTests */ = {
			isa = PBXGroup;
			children = (
				DC146AFF1F3B9352009869AB /* MCDateRangeManagerTests.m */,
				DC146B011F3B939D009869AB /* MCDateRangeManager+PrivateMethodsToTest.h */,
				DC146B021F3B939D009869AB /* MCDateRangeManager+PrivateMethodsToTest.m */,
			);
			name = MCDateRangeManagerTests;
			sourceTree = "<group>";
		};
		DC23F48E1F379F0F0083A365 = {
			isa = PBXGroup;
			children = (
				DC23F4991F379F0F0083A365 /* MicrosoftiOSChallenge */,
				DC23F4B31F379F100083A365 /* MicrosoftiOSChallengeTests */,
				DC23F4981F379F0F0083A365 /* Products */,
			);
			sourceTree = "<group>";
		};
		DC23F4981F379F0F0083A365 /* Products */ = {
			isa = PBXGroup;
			children = (
				DC23F4971F379F0F0083A365 /* MicrosoftiOSChallenge.app */,
				DC23F4B01F379F100083A365 /* MicrosoftiOSChallengeTests.xctest */,
			);
			name = Products;
			sourceTree = "<group>";
		};
		DC23F4991F379F0F0083A365 /* MicrosoftiOSChallenge */ = {
			isa = PBXGroup;
			children = (
				DC23F4BF1F379F1D0083A365 /* Source */,
				DC23F4C01F379F220083A365 /* Resources */,
				DC23F49A1F379F0F0083A365 /* Supporting Files */,
			);
			path = MicrosoftiOSChallenge;
			sourceTree = "<group>";
		};
		DC23F49A1F379F0F0083A365 /* Supporting Files */ = {
			isa = PBXGroup;
			children = (
				DC23F4D31F37A1300083A365 /* Constants */,
				DC23F4D41F37A17C0083A365 /* MicrosoftiOSChallenge-Prefix.pch */,
				DC23F4AB1F379F100083A365 /* Info.plist */,
				DC23F49B1F379F100083A365 /* main.m */,
			);
			name = "Supporting Files";
			sourceTree = "<group>";
		};
		DC23F4B31F379F100083A365 /* MicrosoftiOSChallengeTests */ = {
			isa = PBXGroup;
			children = (
				DC146AFE1F3B9339009869AB /* MCDateRangeManagerTests */,
				DC4335721F3B1B8700F44F22 /* ParticipantLabelTests */,
				DC0B61421F385BE0000C6D58 /* CategoryTests */,
				DC23F4B61F379F100083A365 /* Info.plist */,
			);
			path = MicrosoftiOSChallengeTests;
			sourceTree = "<group>";
		};
		DC23F4BF1F379F1D0083A365 /* Source */ = {
			isa = PBXGroup;
			children = (
				DC23F4C81F379FE50083A365 /* Common */,
				DC23F4C61F379FCC0083A365 /* Controllers */,
				DC23F4C11F379F2D0083A365 /* AppDelegate */,
			);
			name = Source;
			sourceTree = "<group>";
		};
		DC23F4C01F379F220083A365 /* Resources */ = {
			isa = PBXGroup;
			children = (
				DC43354F1F3A47C300F44F22 /* TestData */,
				DC23F4C31F379F4A0083A365 /* Assets */,
				DC23F4C21F379F390083A365 /* Storyboard */,
			);
			name = Resources;
			sourceTree = "<group>";
		};
		DC23F4C11F379F2D0083A365 /* AppDelegate */ = {
			isa = PBXGroup;
			children = (
				DC23F49D1F379F100083A365 /* MCAppDelegate.h */,
				DC23F49E1F379F100083A365 /* MCAppDelegate.m */,
			);
			name = AppDelegate;
			sourceTree = "<group>";
		};
		DC23F4C21F379F390083A365 /* Storyboard */ = {
			isa = PBXGroup;
			children = (
				DC23F4A31F379F100083A365 /* Main.storyboard */,
				DC23F4A81F379F100083A365 /* LaunchScreen.storyboard */,
			);
			name = Storyboard;
			sourceTree = "<group>";
		};
		DC23F4C31F379F4A0083A365 /* Assets */ = {
			isa = PBXGroup;
			children = (
				DC23F4A61F379F100083A365 /* Assets.xcassets */,
			);
			name = Assets;
			sourceTree = "<group>";
		};
		DC23F4C61F379FCC0083A365 /* Controllers */ = {
			isa = PBXGroup;
			children = (
				DC0B61441F385D80000C6D58 /* Agenda */,
				DC0B61431F385D7B000C6D58 /* Calender */,
				DC23F4C71F379FD80083A365 /* CalenderAgendaContainer */,
			);
			name = Controllers;
			sourceTree = "<group>";
		};
		DC23F4C71F379FD80083A365 /* CalenderAgendaContainer */ = {
			isa = PBXGroup;
			children = (
				DC0B61521F385E03000C6D58 /* View */,
				DC0B61511F385DFE000C6D58 /* Model */,
				DC23F4CF1F37A0F40083A365 /* MCCalenderAgendaViewController.h */,
				DC23F4D01F37A0F40083A365 /* MCCalenderAgendaViewController.m */,
			);
			name = CalenderAgendaContainer;
			sourceTree = "<group>";
		};
		DC23F4C81F379FE50083A365 /* Common */ = {
			isa = PBXGroup;
			children = (
				DC23F4C91F379FEC0083A365 /* Categories */,
				DC23F4CC1F37A00A0083A365 /* Library */,
				DC23F4CA1F379FF50083A365 /* Protocols */,
				DC23F4CB1F379FFA0083A365 /* Global */,
				DC23F4CE1F37A04E0083A365 /* BaseClass */,
				DC23F4CD1F37A0140083A365 /* Connectivity */,
				DC43357B1F3B21C100F44F22 /* Helpers */,
			);
			name = Common;
			sourceTree = "<group>";
		};
		DC23F4C91F379FEC0083A365 /* Categories */ = {
			isa = PBXGroup;
			children = (
				DC0B613F1F385894000C6D58 /* MCCategoryHeaders.h */,
				DC0B613B1F385776000C6D58 /* NSDate+DateToString.h */,
				DC0B613C1F385776000C6D58 /* NSDate+DateToString.m */,
			);
			name = Categories;
			sourceTree = "<group>";
		};
		DC23F4CA1F379FF50083A365 /* Protocols */ = {
			isa = PBXGroup;
			children = (
				DC4335851F3B368600F44F22 /* MCProtocolHeaders.h */,
				DC4335491F3A471D00F44F22 /* MCBaseDataProviders.h */,
			);
			name = Protocols;
			sourceTree = "<group>";
		};
		DC23F4CB1F379FFA0083A365 /* Global */ = {
			isa = PBXGroup;
			children = (
				DC080C831F3881FA002B4FB3 /* MCGlobalHeaders.h */,
				DC080C7E1F387D0A002B4FB3 /* MCDateRangeManager.h */,
				DC080C7F1F387D0A002B4FB3 /* MCDateRangeManager.m */,
			);
			name = Global;
			sourceTree = "<group>";
		};
		DC23F4CC1F37A00A0083A365 /* Library */ = {
			isa = PBXGroup;
			children = (
			);
			name = Library;
			sourceTree = "<group>";
		};
		DC23F4CD1F37A0140083A365 /* Connectivity */ = {
			isa = PBXGroup;
			children = (
				DC4335471F3A46F400F44F22 /* MCConnectivityHeaders.h */,
				DC4335481F3A470900F44F22 /* MCDataModels.h */,
				DC43354A1F3A472800F44F22 /* DataController */,
				DC43354B1F3A473000F44F22 /* Dummy Data Provider */,
				DC43354C1F3A475900F44F22 /* ErrorHandler */,
				DC43354D1F3A476100F44F22 /* Mapping */,
				DC43354E1F3A476D00F44F22 /* O365 DataProvider */,
			);
			name = Connectivity;
			sourceTree = "<group>";
		};
		DC23F4CE1F37A04E0083A365 /* BaseClass */ = {
			isa = PBXGroup;
			children = (
			);
			name = BaseClass;
			sourceTree = "<group>";
		};
		DC23F4D31F37A1300083A365 /* Constants */ = {
			isa = PBXGroup;
			children = (
				DC0B61581F386137000C6D58 /* MCConstants.h */,
				DC0B61591F386137000C6D58 /* MCConstants.m */,
			);
			name = Constants;
			sourceTree = "<group>";
		};
		DC43354A1F3A472800F44F22 /* DataController */ = {
			isa = PBXGroup;
			children = (
				DC4335501F3A490800F44F22 /* Facade Interface */,
				DC4335551F3A494700F44F22 /* MCDataController.h */,
				DC4335561F3A494700F44F22 /* MCDataController.m */,
			);
			name = DataController;
			sourceTree = "<group>";
		};
		DC43354B1F3A473000F44F22 /* Dummy Data Provider */ = {
			isa = PBXGroup;
			children = (
				DC4335591F3A495D00F44F22 /* MCDummyDataProvider.h */,
				DC43355A1F3A495D00F44F22 /* MCDummyDataProvider.m */,
			);
			name = "Dummy Data Provider";
			sourceTree = "<group>";
		};
		DC43354C1F3A475900F44F22 /* ErrorHandler */ = {
			isa = PBXGroup;
			children = (
			);
			name = ErrorHandler;
			sourceTree = "<group>";
		};
		DC43354D1F3A476100F44F22 /* Mapping */ = {
			isa = PBXGroup;
			children = (
				DC43355D1F3A49C700F44F22 /* MCMappingData.h */,
				DC43355E1F3A49C700F44F22 /* MCMappingData.m */,
			);
			name = Mapping;
			sourceTree = "<group>";
		};
		DC43354E1F3A476D00F44F22 /* O365 DataProvider */ = {
			isa = PBXGroup;
			children = (
				DC4335611F3A49DE00F44F22 /* MCO365DataProvider.h */,
				DC4335621F3A49DE00F44F22 /* MCO365DataProvider.m */,
			);
			name = "O365 DataProvider";
			sourceTree = "<group>";
		};
		DC43354F1F3A47C300F44F22 /* TestData */ = {
			isa = PBXGroup;
			children = (
				DC6B4A971F3B42570028EE70 /* GetEventData.json */,
				DC4335651F3A4D7B00F44F22 /* GetEvents.json */,
			);
			name = TestData;
			sourceTree = "<group>";
		};
		DC4335501F3A490800F44F22 /* Facade Interface */ = {
			isa = PBXGroup;
			children = (
				DC4335511F3A493400F44F22 /* MCDataControllerManager.h */,
				DC4335521F3A493400F44F22 /* MCDataControllerManager.m */,
			);
			name = "Facade Interface";
			sourceTree = "<group>";
		};
		DC4335681F3A669500F44F22 /* EventCell */ = {
			isa = PBXGroup;
			children = (
				DC4335691F3A66AD00F44F22 /* MCAgendaEventTableViewCell.h */,
				DC43356A1F3A66AD00F44F22 /* MCAgendaEventTableViewCell.m */,
			);
			name = EventCell;
			sourceTree = "<group>";
		};
		DC43356D1F3B169B00F44F22 /* ParticipantLabel */ = {
			isa = PBXGroup;
			children = (
				DC43356E1F3B16B900F44F22 /* MCParticipantLabel.h */,
				DC43356F1F3B16B900F44F22 /* MCParticipantLabel.m */,
			);
			name = ParticipantLabel;
			sourceTree = "<group>";
		};
		DC4335721F3B1B8700F44F22 /* ParticipantLabelTests */ = {
			isa = PBXGroup;
			children = (
				DC4335731F3B1B9A00F44F22 /* ParticipantLabelTests.m */,
				DC4335781F3B1C0800F44F22 /* MCParticipantLabel+PrivateMethodsForTest.h */,
				DC4335791F3B1C0800F44F22 /* MCParticipantLabel+PrivateMethodsForTest.m */,
			);
			name = ParticipantLabelTests;
			sourceTree = "<group>";
		};
		DC43357B1F3B21C100F44F22 /* Helpers */ = {
			isa = PBXGroup;
			children = (
				DC43357C1F3B21E600F44F22 /* MCGlobalHelpers.h */,
				DC43357D1F3B21E600F44F22 /* MCGlobalHelpers.m */,
			);
			name = Helpers;
			sourceTree = "<group>";
		};
		DC4335801F3B2F5900F44F22 /* AvailabilityView */ = {
			isa = PBXGroup;
			children = (
				DC4335811F3B2F6C00F44F22 /* MCAvailabilityView.h */,
				DC4335821F3B2F6C00F44F22 /* MCAvailabilityView.m */,
			);
			name = AvailabilityView;
			sourceTree = "<group>";
		};
/* End PBXGroup section */

/* Begin PBXNativeTarget section */
		DC23F4961F379F0F0083A365 /* MicrosoftiOSChallenge */ = {
			isa = PBXNativeTarget;
			buildConfigurationList = DC23F4B91F379F100083A365 /* Build configuration list for PBXNativeTarget "MicrosoftiOSChallenge" */;
			buildPhases = (
				DC23F4931F379F0F0083A365 /* Sources */,
				DC23F4941F379F0F0083A365 /* Frameworks */,
				DC23F4951F379F0F0083A365 /* Resources */,
			);
			buildRules = (
			);
			dependencies = (
			);
			name = MicrosoftiOSChallenge;
			productName = MicrosoftiOSChallenge;
			productReference = DC23F4971F379F0F0083A365 /* MicrosoftiOSChallenge.app */;
			productType = "com.apple.product-type.application";
		};
		DC23F4AF1F379F100083A365 /* MicrosoftiOSChallengeTests */ = {
			isa = PBXNativeTarget;
			buildConfigurationList = DC23F4BC1F379F100083A365 /* Build configuration list for PBXNativeTarget "MicrosoftiOSChallengeTests" */;
			buildPhases = (
				DC23F4AC1F379F100083A365 /* Sources */,
				DC23F4AD1F379F100083A365 /* Frameworks */,
				DC23F4AE1F379F100083A365 /* Resources */,
			);
			buildRules = (
			);
			dependencies = (
				DC23F4B21F379F100083A365 /* PBXTargetDependency */,
			);
			name = MicrosoftiOSChallengeTests;
			productName = MicrosoftiOSChallengeTests;
			productReference = DC23F4B01F379F100083A365 /* MicrosoftiOSChallengeTests.xctest */;
			productType = "com.apple.product-type.bundle.unit-test";
		};
/* End PBXNativeTarget section */

/* Begin PBXProject section */
		DC23F48F1F379F0F0083A365 /* Project object */ = {
			isa = PBXProject;
			attributes = {
				LastUpgradeCheck = 0820;
				ORGANIZATIONNAME = "Shaheen M Basheer";
				TargetAttributes = {
					DC23F4961F379F0F0083A365 = {
						CreatedOnToolsVersion = 8.2.1;
						DevelopmentTeam = T4JB848GZR;
						ProvisioningStyle = Automatic;
					};
					DC23F4AF1F379F100083A365 = {
						CreatedOnToolsVersion = 8.2.1;
						DevelopmentTeam = T4JB848GZR;
						ProvisioningStyle = Automatic;
						TestTargetID = DC23F4961F379F0F0083A365;
					};
				};
			};
			buildConfigurationList = DC23F4921F379F0F0083A365 /* Build configuration list for PBXProject "MicrosoftiOSChallenge" */;
			compatibilityVersion = "Xcode 3.2";
			developmentRegion = English;
			hasScannedForEncodings = 0;
			knownRegions = (
				en,
				Base,
			);
			mainGroup = DC23F48E1F379F0F0083A365;
			productRefGroup = DC23F4981F379F0F0083A365 /* Products */;
			projectDirPath = "";
			projectRoot = "";
			targets = (
				DC23F4961F379F0F0083A365 /* MicrosoftiOSChallenge */,
				DC23F4AF1F379F100083A365 /* MicrosoftiOSChallengeTests */,
			);
		};
/* End PBXProject section */

/* Begin PBXResourcesBuildPhase section */
		DC23F4951F379F0F0083A365 /* Resources */ = {
			isa = PBXResourcesBuildPhase;
			buildActionMask = 2147483647;
			files = (
				DC23F4AA1F379F100083A365 /* LaunchScreen.storyboard in Resources */,
				DC23F4A71F379F100083A365 /* Assets.xcassets in Resources */,
				DC23F4A51F379F100083A365 /* Main.storyboard in Resources */,
				DC4335661F3A4D7B00F44F22 /* GetEvents.json in Resources */,
				DC6B4A981F3B42570028EE70 /* GetEventData.json in Resources */,
			);
			runOnlyForDeploymentPostprocessing = 0;
		};
		DC23F4AE1F379F100083A365 /* Resources */ = {
			isa = PBXResourcesBuildPhase;
			buildActionMask = 2147483647;
			files = (
				DC4335671F3A4D7B00F44F22 /* GetEvents.json in Resources */,
			);
			runOnlyForDeploymentPostprocessing = 0;
		};
/* End PBXResourcesBuildPhase section */

/* Begin PBXSourcesBuildPhase section */
		DC23F4931F379F0F0083A365 /* Sources */ = {
			isa = PBXSourcesBuildPhase;
			buildActionMask = 2147483647;
			files = (
				DC4335571F3A494700F44F22 /* MCDataController.m in Sources */,
				DC43357E1F3B21E600F44F22 /* MCGlobalHelpers.m in Sources */,
				DC146AFC1F3B6724009869AB /* MCCalenderAgendaContainerView.m in Sources */,
				DC4335631F3A49DE00F44F22 /* MCO365DataProvider.m in Sources */,
				DC23F49F1F379F100083A365 /* MCAppDelegate.m in Sources */,
				DC4335531F3A493400F44F22 /* MCDataControllerManager.m in Sources */,
				DC23F4D11F37A0F40083A365 /* MCCalenderAgendaViewController.m in Sources */,
				DC43355B1F3A495D00F44F22 /* MCDummyDataProvider.m in Sources */,
				DC0B613D1F385776000C6D58 /* NSDate+DateToString.m in Sources */,
				DC0B614B1F385DCF000C6D58 /* MCAgendaTableViewController.m in Sources */,
				DC080C871F38DFB1002B4FB3 /* MCAgendaEmptyTableViewCell.m in Sources */,
				DC43355F1F3A49C700F44F22 /* MCMappingData.m in Sources */,
				DC43356B1F3A66AD00F44F22 /* MCAgendaEventTableViewCell.m in Sources */,
				DC080C7C1F386E05002B4FB3 /* MCCalenderDayCollectionViewCell.m in Sources */,
				DC0B615A1F386137000C6D58 /* MCConstants.m in Sources */,
				DC4335701F3B16B900F44F22 /* MCParticipantLabel.m in Sources */,
				DC23F49C1F379F100083A365 /* main.m in Sources */,
				DC4335831F3B2F6C00F44F22 /* MCAvailabilityView.m in Sources */,
				DC080C801F387D0A002B4FB3 /* MCDateRangeManager.m in Sources */,
				DC0B61471F385DB2000C6D58 /* MCCalenderViewController.m in Sources */,
			);
			runOnlyForDeploymentPostprocessing = 0;
		};
		DC23F4AC1F379F100083A365 /* Sources */ = {
			isa = PBXSourcesBuildPhase;
			buildActionMask = 2147483647;
			files = (
				DC0B61481F385DB2000C6D58 /* MCCalenderViewController.m in Sources */,
				DC080C881F38DFB1002B4FB3 /* MCAgendaEmptyTableViewCell.m in Sources */,
				DC43357A1F3B1C0800F44F22 /* MCParticipantLabel+PrivateMethodsForTest.m in Sources */,
				DC4335741F3B1B9A00F44F22 /* ParticipantLabelTests.m in Sources */,
				DC0B61411F385B62000C6D58 /* NSDateCategoryTests.m in Sources */,
				DC146B001F3B9352009869AB /* MCDateRangeManagerTests.m in Sources */,
				DC4335841F3B2F6C00F44F22 /* MCAvailabilityView.m in Sources */,
				DC4335541F3A493400F44F22 /* MCDataControllerManager.m in Sources */,
				DC0B614C1F385DCF000C6D58 /* MCAgendaTableViewController.m in Sources */,
				DC146AFD1F3B6724009869AB /* MCCalenderAgendaContainerView.m in Sources */,
				DC43357F1F3B21E600F44F22 /* MCGlobalHelpers.m in Sources */,
				DC0B613E1F385776000C6D58 /* NSDate+DateToString.m in Sources */,
				DC4335711F3B16B900F44F22 /* MCParticipantLabel.m in Sources */,
				DC4335581F3A494700F44F22 /* MCDataController.m in Sources */,
				DC080C7D1F386E05002B4FB3 /* MCCalenderDayCollectionViewCell.m in Sources */,
				DC43355C1F3A495D00F44F22 /* MCDummyDataProvider.m in Sources */,
				DC4335641F3A49DE00F44F22 /* MCO365DataProvider.m in Sources */,
				DC146B031F3B939D009869AB /* MCDateRangeManager+PrivateMethodsToTest.m in Sources */,
				DC23F4D21F37A0F40083A365 /* MCCalenderAgendaViewController.m in Sources */,
				DC43356C1F3A66AD00F44F22 /* MCAgendaEventTableViewCell.m in Sources */,
				DC080C811F387D0A002B4FB3 /* MCDateRangeManager.m in Sources */,
				DC4335601F3A49C700F44F22 /* MCMappingData.m in Sources */,
				DC0B615B1F386137000C6D58 /* MCConstants.m in Sources */,
			);
			runOnlyForDeploymentPostprocessing = 0;
		};
/* End PBXSourcesBuildPhase section */

/* Begin PBXTargetDependency section */
		DC23F4B21F379F100083A365 /* PBXTargetDependency */ = {
			isa = PBXTargetDependency;
			target = DC23F4961F379F0F0083A365 /* MicrosoftiOSChallenge */;
			targetProxy = DC23F4B11F379F100083A365 /* PBXContainerItemProxy */;
		};
/* End PBXTargetDependency section */

/* Begin PBXVariantGroup section */
		DC23F4A31F379F100083A365 /* Main.storyboard */ = {
			isa = PBXVariantGroup;
			children = (
				DC23F4A41F379F100083A365 /* Base */,
			);
			name = Main.storyboard;
			sourceTree = "<group>";
		};
		DC23F4A81F379F100083A365 /* LaunchScreen.storyboard */ = {
			isa = PBXVariantGroup;
			children = (
				DC23F4A91F379F100083A365 /* Base */,
			);
			name = LaunchScreen.storyboard;
			sourceTree = "<group>";
		};
/* End PBXVariantGroup section */

/* Begin XCBuildConfiguration section */
		DC23F4B71F379F100083A365 /* Debug */ = {
			isa = XCBuildConfiguration;
			buildSettings = {
				ALWAYS_SEARCH_USER_PATHS = NO;
				CLANG_ANALYZER_NONNULL = YES;
				CLANG_CXX_LANGUAGE_STANDARD = "gnu++0x";
				CLANG_CXX_LIBRARY = "libc++";
				CLANG_ENABLE_MODULES = YES;
				CLANG_ENABLE_OBJC_ARC = YES;
				CLANG_WARN_BOOL_CONVERSION = YES;
				CLANG_WARN_CONSTANT_CONVERSION = YES;
				CLANG_WARN_DIRECT_OBJC_ISA_USAGE = YES_ERROR;
				CLANG_WARN_DOCUMENTATION_COMMENTS = YES;
				CLANG_WARN_EMPTY_BODY = YES;
				CLANG_WARN_ENUM_CONVERSION = YES;
				CLANG_WARN_INFINITE_RECURSION = YES;
				CLANG_WARN_INT_CONVERSION = YES;
				CLANG_WARN_OBJC_ROOT_CLASS = YES_ERROR;
				CLANG_WARN_SUSPICIOUS_MOVE = YES;
				CLANG_WARN_UNREACHABLE_CODE = YES;
				CLANG_WARN__DUPLICATE_METHOD_MATCH = YES;
				"CODE_SIGN_IDENTITY[sdk=iphoneos*]" = "iPhone Developer";
				COPY_PHASE_STRIP = NO;
				DEBUG_INFORMATION_FORMAT = dwarf;
				ENABLE_STRICT_OBJC_MSGSEND = YES;
				ENABLE_TESTABILITY = YES;
				GCC_C_LANGUAGE_STANDARD = gnu99;
				GCC_DYNAMIC_NO_PIC = NO;
				GCC_NO_COMMON_BLOCKS = YES;
				GCC_OPTIMIZATION_LEVEL = 0;
				GCC_PREPROCESSOR_DEFINITIONS = (
					"DEBUG=1",
					"$(inherited)",
				);
				GCC_WARN_64_TO_32_BIT_CONVERSION = YES;
				GCC_WARN_ABOUT_RETURN_TYPE = YES_ERROR;
				GCC_WARN_UNDECLARED_SELECTOR = YES;
				GCC_WARN_UNINITIALIZED_AUTOS = YES_AGGRESSIVE;
				GCC_WARN_UNUSED_FUNCTION = YES;
				GCC_WARN_UNUSED_VARIABLE = YES;
				IPHONEOS_DEPLOYMENT_TARGET = 10.2;
				MTL_ENABLE_DEBUG_INFO = YES;
				ONLY_ACTIVE_ARCH = YES;
				SDKROOT = iphoneos;
				TARGETED_DEVICE_FAMILY = "1,2";
			};
			name = Debug;
		};
		DC23F4B81F379F100083A365 /* Release */ = {
			isa = XCBuildConfiguration;
			buildSettings = {
				ALWAYS_SEARCH_USER_PATHS = NO;
				CLANG_ANALYZER_NONNULL = YES;
				CLANG_CXX_LANGUAGE_STANDARD = "gnu++0x";
				CLANG_CXX_LIBRARY = "libc++";
				CLANG_ENABLE_MODULES = YES;
				CLANG_ENABLE_OBJC_ARC = YES;
				CLANG_WARN_BOOL_CONVERSION = YES;
				CLANG_WARN_CONSTANT_CONVERSION = YES;
				CLANG_WARN_DIRECT_OBJC_ISA_USAGE = YES_ERROR;
				CLANG_WARN_DOCUMENTATION_COMMENTS = YES;
				CLANG_WARN_EMPTY_BODY = YES;
				CLANG_WARN_ENUM_CONVERSION = YES;
				CLANG_WARN_INFINITE_RECURSION = YES;
				CLANG_WARN_INT_CONVERSION = YES;
				CLANG_WARN_OBJC_ROOT_CLASS = YES_ERROR;
				CLANG_WARN_SUSPICIOUS_MOVE = YES;
				CLANG_WARN_UNREACHABLE_CODE = YES;
				CLANG_WARN__DUPLICATE_METHOD_MATCH = YES;
				"CODE_SIGN_IDENTITY[sdk=iphoneos*]" = "iPhone Developer";
				COPY_PHASE_STRIP = NO;
				DEBUG_INFORMATION_FORMAT = "dwarf-with-dsym";
				ENABLE_NS_ASSERTIONS = NO;
				ENABLE_STRICT_OBJC_MSGSEND = YES;
				GCC_C_LANGUAGE_STANDARD = gnu99;
				GCC_NO_COMMON_BLOCKS = YES;
				GCC_WARN_64_TO_32_BIT_CONVERSION = YES;
				GCC_WARN_ABOUT_RETURN_TYPE = YES_ERROR;
				GCC_WARN_UNDECLARED_SELECTOR = YES;
				GCC_WARN_UNINITIALIZED_AUTOS = YES_AGGRESSIVE;
				GCC_WARN_UNUSED_FUNCTION = YES;
				GCC_WARN_UNUSED_VARIABLE = YES;
				IPHONEOS_DEPLOYMENT_TARGET = 10.2;
				MTL_ENABLE_DEBUG_INFO = NO;
				SDKROOT = iphoneos;
				TARGETED_DEVICE_FAMILY = "1,2";
				VALIDATE_PRODUCT = YES;
			};
			name = Release;
		};
		DC23F4BA1F379F100083A365 /* Debug */ = {
			isa = XCBuildConfiguration;
			buildSettings = {
				ALWAYS_SEARCH_USER_PATHS = NO;
				ASSETCATALOG_COMPILER_APPICON_NAME = AppIcon;
				DEVELOPMENT_TEAM = T4JB848GZR;
				GCC_INCREASE_PRECOMPILED_HEADER_SHARING = NO;
				GCC_PRECOMPILE_PREFIX_HEADER = YES;
				GCC_PREFIX_HEADER = "/Users/shaheenmbasheer/Projects/Microsoft/MicrosoftiOSChallenge/MicrosoftiOSChallenge/MicrosoftiOSChallenge-Prefix.pch";
				INFOPLIST_FILE = MicrosoftiOSChallenge/Info.plist;
				LD_RUNPATH_SEARCH_PATHS = "$(inherited) @executable_path/Frameworks";
				PRODUCT_BUNDLE_IDENTIFIER = com.shaheen.MicrosoftiOSChallenge.MicrosoftiOSChallenge;
				PRODUCT_NAME = "$(TARGET_NAME)";
			};
			name = Debug;
		};
		DC23F4BB1F379F100083A365 /* Release */ = {
			isa = XCBuildConfiguration;
			buildSettings = {
				ALWAYS_SEARCH_USER_PATHS = NO;
				ASSETCATALOG_COMPILER_APPICON_NAME = AppIcon;
				DEVELOPMENT_TEAM = T4JB848GZR;
				GCC_INCREASE_PRECOMPILED_HEADER_SHARING = NO;
				GCC_PRECOMPILE_PREFIX_HEADER = YES;
				GCC_PREFIX_HEADER = "/Users/shaheenmbasheer/Projects/Microsoft/MicrosoftiOSChallenge/MicrosoftiOSChallenge/MicrosoftiOSChallenge-Prefix.pch";
				INFOPLIST_FILE = MicrosoftiOSChallenge/Info.plist;
				LD_RUNPATH_SEARCH_PATHS = "$(inherited) @executable_path/Frameworks";
				PRODUCT_BUNDLE_IDENTIFIER = com.shaheen.MicrosoftiOSChallenge.MicrosoftiOSChallenge;
				PRODUCT_NAME = "$(TARGET_NAME)";
			};
			name = Release;
		};
		DC23F4BD1F379F100083A365 /* Debug */ = {
			isa = XCBuildConfiguration;
			buildSettings = {
				BUNDLE_LOADER = "$(TEST_HOST)";
				DEVELOPMENT_TEAM = T4JB848GZR;
				INFOPLIST_FILE = MicrosoftiOSChallengeTests/Info.plist;
				LD_RUNPATH_SEARCH_PATHS = "$(inherited) @executable_path/Frameworks @loader_path/Frameworks";
				PRODUCT_BUNDLE_IDENTIFIER = com.shaheen.MicrosoftiOSChallenge.MicrosoftiOSChallengeTests;
				PRODUCT_NAME = "$(TARGET_NAME)";
				TEST_HOST = "$(BUILT_PRODUCTS_DIR)/MicrosoftiOSChallenge.app/MicrosoftiOSChallenge";
			};
			name = Debug;
		};
		DC23F4BE1F379F100083A365 /* Release */ = {
			isa = XCBuildConfiguration;
			buildSettings = {
				BUNDLE_LOADER = "$(TEST_HOST)";
				DEVELOPMENT_TEAM = T4JB848GZR;
				INFOPLIST_FILE = MicrosoftiOSChallengeTests/Info.plist;
				LD_RUNPATH_SEARCH_PATHS = "$(inherited) @executable_path/Frameworks @loader_path/Frameworks";
				PRODUCT_BUNDLE_IDENTIFIER = com.shaheen.MicrosoftiOSChallenge.MicrosoftiOSChallengeTests;
				PRODUCT_NAME = "$(TARGET_NAME)";
				TEST_HOST = "$(BUILT_PRODUCTS_DIR)/MicrosoftiOSChallenge.app/MicrosoftiOSChallenge";
			};
			name = Release;
		};
/* End XCBuildConfiguration section */

/* Begin XCConfigurationList section */
		DC23F4921F379F0F0083A365 /* Build configuration list for PBXProject "MicrosoftiOSChallenge" */ = {
			isa = XCConfigurationList;
			buildConfigurations = (
				DC23F4B71F379F100083A365 /* Debug */,
				DC23F4B81F379F100083A365 /* Release */,
			);
			defaultConfigurationIsVisible = 0;
			defaultConfigurationName = Release;
		};
		DC23F4B91F379F100083A365 /* Build configuration list for PBXNativeTarget "MicrosoftiOSChallenge" */ = {
			isa = XCConfigurationList;
			buildConfigurations = (
				DC23F4BA1F379F100083A365 /* Debug */,
				DC23F4BB1F379F100083A365 /* Release */,
			);
			defaultConfigurationIsVisible = 0;
			defaultConfigurationName = Release;
		};
		DC23F4BC1F379F100083A365 /* Build configuration list for PBXNativeTarget "MicrosoftiOSChallengeTests" */ = {
			isa = XCConfigurationList;
			buildConfigurations = (
				DC23F4BD1F379F100083A365 /* Debug */,
				DC23F4BE1F379F100083A365 /* Release */,
			);
			defaultConfigurationIsVisible = 0;
			defaultConfigurationName = Release;
		};
/* End XCConfigurationList section */
	};
	rootObject = DC23F48F1F379F0F0083A365 /* Project object */;
}
